
Microsoft Visual Studio Solution File, Format Version 12.00
# Visual Studio Version 17
VisualStudioVersion = 17.4.33205.214
MinimumVisualStudioVersion = 10.0.40219.1
Project("{FAE04EC0-301F-11D3-BF4B-00C04F79EFBC}") = "FormsInForms_Csharp", "FormsInForms_Csharp.csproj", "{BA736868-539D-4E12-94C2-EEBC320F5192}"
EndProject
Global
	GlobalSection(SolutionConfigurationPlatforms) = preSolution
		Debug|Any CPU = Debug|Any CPU
		Release|Any CPU = Release|Any CPU
	EndGlobalSection
	GlobalSection(ProjectConfigurationPlatforms) = postSolution
		{BA736868-539D-4E12-94C2-EEBC320F5192}.Debug|Any CPU.ActiveCfg = Debug|Any CPU
		{BA736868-539D-4E12-94C2-EEBC320F5192}.Debug|Any CPU.Build.0 = Debug|Any CPU
		{BA736868-539D-4E12-94C2-EEBC320F5192}.Release|Any CPU.ActiveCfg = Release|Any CPU
		{BA736868-539D-4E12-94C2-EEBC320F5192}.Release|Any CPU.Build.0 = Release|Any CPU
	EndGlobalSection
	GlobalSection(SolutionProperties) = preSolution
		HideSolutionNode = FALSE
	EndGlobalSection
	GlobalSection(ExtensibilityGlobals) = postSolution
		SolutionGuid = {97DB26FF-15C9-41FD-802B-F9F8ADC5AA36}
	EndGlobalSection
EndGlobal
